// !$*UTF8*$!
{
	archiveVersion = 1;
	classes = {
	};
	objectVersion = 56;
	objects = {

/* Begin PBXBuildFile section */
		633655112A02717200E0CFF7 /* PhotoValidationApp.swift in Sources */ = {isa = PBXBuildFile; fileRef = 633655102A02717200E0CFF7 /* PhotoValidationApp.swift */; };
		633655132A02717200E0CFF7 /* PhotoValidateView.swift in Sources */ = {isa = PBXBuildFile; fileRef = 633655122A02717200E0CFF7 /* PhotoValidateView.swift */; };
		633655152A02717300E0CFF7 /* Assets.xcassets in Resources */ = {isa = PBXBuildFile; fileRef = 633655142A02717300E0CFF7 /* Assets.xcassets */; };
		633655182A02717300E0CFF7 /* Preview Assets.xcassets in Resources */ = {isa = PBXBuildFile; fileRef = 633655172A02717300E0CFF7 /* Preview Assets.xcassets */; };
		6336551F2A02799B00E0CFF7 /* ImagePicker.swift in Sources */ = {isa = PBXBuildFile; fileRef = 6336551E2A02799B00E0CFF7 /* ImagePicker.swift */; };
		633655212A027E0500E0CFF7 /* PhotoValidator.swift in Sources */ = {isa = PBXBuildFile; fileRef = 633655202A027E0500E0CFF7 /* PhotoValidator.swift */; };
		633655232A02969000E0CFF7 /* PhotoValidateViewModel.swift in Sources */ = {isa = PBXBuildFile; fileRef = 633655222A02969000E0CFF7 /* PhotoValidateViewModel.swift */; };
/* End PBXBuildFile section */

/* Begin PBXFileReference section */
		6336550D2A02717200E0CFF7 /* PhotoValidation.app */ = {isa = PBXFileReference; explicitFileType = wrapper.application; includeInIndex = 0; path = PhotoValidation.app; sourceTree = BUILT_PRODUCTS_DIR; };
		633655102A02717200E0CFF7 /* PhotoValidationApp.swift */ = {isa = PBXFileReference; lastKnownFileType = sourcecode.swift; path = PhotoValidationApp.swift; sourceTree = "<group>"; };
		633655122A02717200E0CFF7 /* PhotoValidateView.swift */ = {isa = PBXFileReference; lastKnownFileType = sourcecode.swift; path = PhotoValidateView.swift; sourceTree = "<group>"; };
		633655142A02717300E0CFF7 /* Assets.xcassets */ = {isa = PBXFileReference; lastKnownFileType = folder.assetcatalog; path = Assets.xcassets; sourceTree = "<group>"; };
		633655172A02717300E0CFF7 /* Preview Assets.xcassets */ = {isa = PBXFileReference; lastKnownFileType = folder.assetcatalog; path = "Preview Assets.xcassets"; sourceTree = "<group>"; };
		6336551E2A02799B00E0CFF7 /* ImagePicker.swift */ = {isa = PBXFileReference; lastKnownFileType = sourcecode.swift; path = ImagePicker.swift; sourceTree = "<group>"; };
		633655202A027E0500E0CFF7 /* PhotoValidator.swift */ = {isa = PBXFileReference; lastKnownFileType = sourcecode.swift; path = PhotoValidator.swift; sourceTree = "<group>"; };
		633655222A02969000E0CFF7 /* PhotoValidateViewModel.swift */ = {isa = PBXFileReference; lastKnownFileType = sourcecode.swift; path = PhotoValidateViewModel.swift; sourceTree = "<group>"; };
/* End PBXFileReference section */

/* Begin PBXFrameworksBuildPhase section */
		6336550A2A02717200E0CFF7 /* Frameworks */ = {
			isa = PBXFrameworksBuildPhase;
			buildActionMask = 2147483647;
			files = (
			);
			runOnlyForDeploymentPostprocessing = 0;
		};
/* End PBXFrameworksBuildPhase section */

/* Begin PBXGroup section */
		633655042A02717200E0CFF7 = {
			isa = PBXGroup;
			children = (
				6336550F2A02717200E0CFF7 /* PhotoValidation */,
				6336550E2A02717200E0CFF7 /* Products */,
			);
			sourceTree = "<group>";
		};
		6336550E2A02717200E0CFF7 /* Products */ = {
			isa = PBXGroup;
			children = (
				6336550D2A02717200E0CFF7 /* PhotoValidation.app */,
			);
			name = Products;
			sourceTree = "<group>";
		};
		6336550F2A02717200E0CFF7 /* PhotoValidation */ = {
			isa = PBXGroup;
			children = (
				633655102A02717200E0CFF7 /* PhotoValidationApp.swift */,
				633655122A02717200E0CFF7 /* PhotoValidateView.swift */,
				633655222A02969000E0CFF7 /* PhotoValidateViewModel.swift */,
				6336551E2A02799B00E0CFF7 /* ImagePicker.swift */,
				633655202A027E0500E0CFF7 /* PhotoValidator.swift */,
				633655142A02717300E0CFF7 /* Assets.xcassets */,
				633655162A02717300E0CFF7 /* Preview Content */,
			);
			path = PhotoValidation;
			sourceTree = "<group>";
		};
		633655162A02717300E0CFF7 /* Preview Content */ = {
			isa = PBXGroup;
			children = (
				633655172A02717300E0CFF7 /* Preview Assets.xcassets */,
			);
			path = "Preview Content";
			sourceTree = "<group>";
		};
/* End PBXGroup section */

/* Begin PBXNativeTarget section */
		6336550C2A02717200E0CFF7 /* PhotoValidation */ = {
			isa = PBXNativeTarget;
			buildConfigurationList = 6336551B2A02717300E0CFF7 /* Build configuration list for PBXNativeTarget "PhotoValidation" */;
			buildPhases = (
				633655092A02717200E0CFF7 /* Sources */,
				6336550A2A02717200E0CFF7 /* Frameworks */,
				6336550B2A02717200E0CFF7 /* Resources */,
			);
			buildRules = (
			);
			dependencies = (
			);
			name = PhotoValidation;
			productName = PhotoValidation;
			productReference = 6336550D2A02717200E0CFF7 /* PhotoValidation.app */;
			productType = "com.apple.product-type.application";
		};
/* End PBXNativeTarget section */

/* Begin PBXProject section */
		633655052A02717200E0CFF7 /* Project object */ = {
			isa = PBXProject;
			attributes = {
				BuildIndependentTargetsInParallel = 1;
				LastSwiftUpdateCheck = 1430;
				LastUpgradeCheck = 1430;
				TargetAttributes = {
					6336550C2A02717200E0CFF7 = {
						CreatedOnToolsVersion = 14.3;
					};
				};
			};
			buildConfigurationList = 633655082A02717200E0CFF7 /* Build configuration list for PBXProject "PhotoValidation" */;
			compatibilityVersion = "Xcode 14.0";
			developmentRegion = en;
			hasScannedForEncodings = 0;
			knownRegions = (
				en,
				Base,
			);
			mainGroup = 633655042A02717200E0CFF7;
			productRefGroup = 6336550E2A02717200E0CFF7 /* Products */;
			projectDirPath = "";
			projectRoot = "";
			targets = (
				6336550C2A02717200E0CFF7 /* PhotoValidation */,
			);
		};
/* End PBXProject section */

/* Begin PBXResourcesBuildPhase section */
		6336550B2A02717200E0CFF7 /* Resources */ = {
			isa = PBXResourcesBuildPhase;
			buildActionMask = 2147483647;
			files = (
				633655182A02717300E0CFF7 /* Preview Assets.xcassets in Resources */,
				633655152A02717300E0CFF7 /* Assets.xcassets in Resources */,
			);
			runOnlyForDeploymentPostprocessing = 0;
		};
/* End PBXResourcesBuildPhase section */

/* Begin PBXSourcesBuildPhase section */
		633655092A02717200E0CFF7 /* Sources */ = {
			isa = PBXSourcesBuildPhase;
			buildActionMask = 2147483647;
			files = (
				633655232A02969000E0CFF7 /* PhotoValidateViewModel.swift in Sources */,
				6336551F2A02799B00E0CFF7 /* ImagePicker.swift in Sources */,
				633655132A02717200E0CFF7 /* PhotoValidateView.swift in Sources */,
				633655112A02717200E0CFF7 /* PhotoValidationApp.swift in Sources */,
				633655212A027E0500E0CFF7 /* PhotoValidator.swift in Sources */,
			);
			runOnlyForDeploymentPostprocessing = 0;
		};
/* End PBXSourcesBuildPhase section */

/* Begin XCBuildConfiguration section */
		633655192A02717300E0CFF7 /* Debug */ = {
			isa = XCBuildConfiguration;
			buildSettings = {
				ALWAYS_SEARCH_USER_PATHS = NO;
				CLANG_ANALYZER_NONNULL = YES;
				CLANG_ANALYZER_NUMBER_OBJECT_CONVERSION = YES_AGGRESSIVE;
				CLANG_CXX_LANGUAGE_STANDARD = "gnu++20";
				CLANG_ENABLE_MODULES = YES;
				CLANG_ENABLE_OBJC_ARC = YES;
				CLANG_ENABLE_OBJC_WEAK = YES;
				CLANG_WARN_BLOCK_CAPTURE_AUTORELEASING = YES;
				CLANG_WARN_BOOL_CONVERSION = YES;
				CLANG_WARN_COMMA = YES;
				CLANG_WARN_CONSTANT_CONVERSION = YES;
				CLANG_WARN_DEPRECATED_OBJC_IMPLEMENTATIONS = YES;
				CLANG_WARN_DIRECT_OBJC_ISA_USAGE = YES_ERROR;
				CLANG_WARN_DOCUMENTATION_COMMENTS = YES;
				CLANG_WARN_EMPTY_BODY = YES;
				CLANG_WARN_ENUM_CONVERSION = YES;
				CLANG_WARN_INFINITE_RECURSION = YES;
				CLANG_WARN_INT_CONVERSION = YES;
				CLANG_WARN_NON_LITERAL_NULL_CONVERSION = YES;
				CLANG_WARN_OBJC_IMPLICIT_RETAIN_SELF = YES;
				CLANG_WARN_OBJC_LITERAL_CONVERSION = YES;
				CLANG_WARN_OBJC_ROOT_CLASS = YES_ERROR;
				CLANG_WARN_QUOTED_INCLUDE_IN_FRAMEWORK_HEADER = YES;
				CLANG_WARN_RANGE_LOOP_ANALYSIS = YES;
				CLANG_WARN_STRICT_PROTOTYPES = YES;
				CLANG_WARN_SUSPICIOUS_MOVE = YES;
				CLANG_WARN_UNGUARDED_AVAILABILITY = YES_AGGRESSIVE;
				CLANG_WARN_UNREACHABLE_CODE = YES;
				CLANG_WARN__DUPLICATE_METHOD_MATCH = YES;
				COPY_PHASE_STRIP = NO;
				DEBUG_INFORMATION_FORMAT = dwarf;
				ENABLE_STRICT_OBJC_MSGSEND = YES;
				ENABLE_TESTABILITY = YES;
				GCC_C_LANGUAGE_STANDARD = gnu11;
				GCC_DYNAMIC_NO_PIC = NO;
				GCC_NO_COMMON_BLOCKS = YES;
				GCC_OPTIMIZATION_LEVEL = 0;
				GCC_PREPROCESSOR_DEFINITIONS = (
					"DEBUG=1",
					"$(inherited)",
				);
				GCC_WARN_64_TO_32_BIT_CONVERSION = YES;
				GCC_WARN_ABOUT_RETURN_TYPE = YES_ERROR;
				GCC_WARN_UNDECLARED_SELECTOR = YES;
				GCC_WARN_UNINITIALIZED_AUTOS = YES_AGGRESSIVE;
				GCC_WARN_UNUSED_FUNCTION = YES;
				GCC_WARN_UNUSED_VARIABLE = YES;
				IPHONEOS_DEPLOYMENT_TARGET = 16.4;
				MTL_ENABLE_DEBUG_INFO = INCLUDE_SOURCE;
				MTL_FAST_MATH = YES;
				ONLY_ACTIVE_ARCH = YES;
				SDKROOT = iphoneos;
				SWIFT_ACTIVE_COMPILATION_CONDITIONS = DEBUG;
				SWIFT_OPTIMIZATION_LEVEL = "-Onone";
			};
			name = Debug;
		};
		6336551A2A02717300E0CFF7 /* Release */ = {
			isa = XCBuildConfiguration;
			buildSettings = {
				ALWAYS_SEARCH_USER_PATHS = NO;
				CLANG_ANALYZER_NONNULL = YES;
				CLANG_ANALYZER_NUMBER_OBJECT_CONVERSION = YES_AGGRESSIVE;
				CLANG_CXX_LANGUAGE_STANDARD = "gnu++20";
				CLANG_ENABLE_MODULES = YES;
				CLANG_ENABLE_OBJC_ARC = YES;
				CLANG_ENABLE_OBJC_WEAK = YES;
				CLANG_WARN_BLOCK_CAPTURE_AUTORELEASING = YES;
				CLANG_WARN_BOOL_CONVERSION = YES;
				CLANG_WARN_COMMA = YES;
				CLANG_WARN_CONSTANT_CONVERSION = YES;
				CLANG_WARN_DEPRECATED_OBJC_IMPLEMENTATIONS = YES;
				CLANG_WARN_DIRECT_OBJC_ISA_USAGE = YES_ERROR;
				CLANG_WARN_DOCUMENTATION_COMMENTS = YES;
				CLANG_WARN_EMPTY_BODY = YES;
				CLANG_WARN_ENUM_CONVERSION = YES;
				CLANG_WARN_INFINITE_RECURSION = YES;
				CLANG_WARN_INT_CONVERSION = YES;
				CLANG_WARN_NON_LITERAL_NULL_CONVERSION = YES;
				CLANG_WARN_OBJC_IMPLICIT_RETAIN_SELF = YES;
				CLANG_WARN_OBJC_LITERAL_CONVERSION = YES;
				CLANG_WARN_OBJC_ROOT_CLASS = YES_ERROR;
				CLANG_WARN_QUOTED_INCLUDE_IN_FRAMEWORK_HEADER = YES;
				CLANG_WARN_RANGE_LOOP_ANALYSIS = YES;
				CLANG_WARN_STRICT_PROTOTYPES = YES;
				CLANG_WARN_SUSPICIOUS_MOVE = YES;
				CLANG_WARN_UNGUARDED_AVAILABILITY = YES_AGGRESSIVE;
				CLANG_WARN_UNREACHABLE_CODE = YES;
				CLANG_WARN__DUPLICATE_METHOD_MATCH = YES;
				COPY_PHASE_STRIP = NO;
				DEBUG_INFORMATION_FORMAT = "dwarf-with-dsym";
				ENABLE_NS_ASSERTIONS = NO;
				ENABLE_STRICT_OBJC_MSGSEND = YES;
				GCC_C_LANGUAGE_STANDARD = gnu11;
				GCC_NO_COMMON_BLOCKS = YES;
				GCC_WARN_64_TO_32_BIT_CONVERSION = YES;
				GCC_WARN_ABOUT_RETURN_TYPE = YES_ERROR;
				GCC_WARN_UNDECLARED_SELECTOR = YES;
				GCC_WARN_UNINITIALIZED_AUTOS = YES_AGGRESSIVE;
				GCC_WARN_UNUSED_FUNCTION = YES;
				GCC_WARN_UNUSED_VARIABLE = YES;
				IPHONEOS_DEPLOYMENT_TARGET = 16.4;
				MTL_ENABLE_DEBUG_INFO = NO;
				MTL_FAST_MATH = YES;
				SDKROOT = iphoneos;
				SWIFT_COMPILATION_MODE = wholemodule;
				SWIFT_OPTIMIZATION_LEVEL = "-O";
				VALIDATE_PRODUCT = YES;
			};
			name = Release;
		};
		6336551C2A02717300E0CFF7 /* Debug */ = {
			isa = XCBuildConfiguration;
			buildSettings = {
				ASSETCATALOG_COMPILER_APPICON_NAME = AppIcon;
				ASSETCATALOG_COMPILER_GLOBAL_ACCENT_COLOR_NAME = AccentColor;
				CODE_SIGN_STYLE = Automatic;
				CURRENT_PROJECT_VERSION = 1;
				DEVELOPMENT_ASSET_PATHS = "\"PhotoValidation/Preview Content\"";
				DEVELOPMENT_TEAM = MS2G4NWH33;
				ENABLE_PREVIEWS = YES;
				GENERATE_INFOPLIST_FILE = YES;
				INFOPLIST_KEY_NSCameraUsageDescription = "For heropack to generate images we need your permission";
				INFOPLIST_KEY_UIApplicationSceneManifest_Generation = YES;
				INFOPLIST_KEY_UIApplicationSupportsIndirectInputEvents = YES;
				INFOPLIST_KEY_UILaunchScreen_Generation = YES;
				INFOPLIST_KEY_UISupportedInterfaceOrientations_iPad = "UIInterfaceOrientationPortrait UIInterfaceOrientationPortraitUpsideDown UIInterfaceOrientationLandscapeLeft UIInterfaceOrientationLandscapeRight";
				INFOPLIST_KEY_UISupportedInterfaceOrientations_iPhone = "UIInterfaceOrientationPortrait UIInterfaceOrientationLandscapeLeft UIInterfaceOrientationLandscapeRight";
				LD_RUNPATH_SEARCH_PATHS = (
					"$(inherited)",
					"@executable_path/Frameworks",
				);
				MARKETING_VERSION = 1.0;
				PRODUCT_BUNDLE_IDENTIFIER = edo.PhotoValidation.private;
				PRODUCT_NAME = "$(TARGET_NAME)";
				SWIFT_EMIT_LOC_STRINGS = YES;
				SWIFT_VERSION = 5.0;
				TARGETED_DEVICE_FAMILY = "1,2";
			};
			name = Debug;
		};
		6336551D2A02717300E0CFF7 /* Release */ = {
			isa = XCBuildConfiguration;
			buildSettings = {
				ASSETCATALOG_COMPILER_APPICON_NAME = AppIcon;
				ASSETCATALOG_COMPILER_GLOBAL_ACCENT_COLOR_NAME = AccentColor;
				CODE_SIGN_STYLE = Automatic;
				CURRENT_PROJECT_VERSION = 1;
				DEVELOPMENT_ASSET_PATHS = "\"PhotoValidation/Preview Content\"";
				DEVELOPMENT_TEAM = MS2G4NWH33;
				ENABLE_PREVIEWS = YES;
				GENERATE_INFOPLIST_FILE = YES;
				INFOPLIST_KEY_NSCameraUsageDescription = "For heropack to generate images we need your permission";
				INFOPLIST_KEY_UIApplicationSceneManifest_Generation = YES;
				INFOPLIST_KEY_UIApplicationSupportsIndirectInputEvents = YES;
				INFOPLIST_KEY_UILaunchScreen_Generation = YES;
				INFOPLIST_KEY_UISupportedInterfaceOrientations_iPad = "UIInterfaceOrientationPortrait UIInterfaceOrientationPortraitUpsideDown UIInterfaceOrientationLandscapeLeft UIInterfaceOrientationLandscapeRight";
				INFOPLIST_KEY_UISupportedInterfaceOrientations_iPhone = "UIInterfaceOrientationPortrait UIInterfaceOrientationLandscapeLeft UIInterfaceOrientationLandscapeRight";
				LD_RUNPATH_SEARCH_PATHS = (
					"$(inherited)",
					"@executable_path/Frameworks",
				);
				MARKETING_VERSION = 1.0;
				PRODUCT_BUNDLE_IDENTIFIER = edo.PhotoValidation.private;
				PRODUCT_NAME = "$(TARGET_NAME)";
				SWIFT_EMIT_LOC_STRINGS = YES;
				SWIFT_VERSION = 5.0;
				TARGETED_DEVICE_FAMILY = "1,2";
			};
			name = Release;
		};
/* End XCBuildConfiguration section */

/* Begin XCConfigurationList section */
		633655082A02717200E0CFF7 /* Build configuration list for PBXProject "PhotoValidation" */ = {
			isa = XCConfigurationList;
			buildConfigurations = (
				633655192A02717300E0CFF7 /* Debug */,
				6336551A2A02717300E0CFF7 /* Release */,
			);
			defaultConfigurationIsVisible = 0;
			defaultConfigurationName = Release;
		};
		6336551B2A02717300E0CFF7 /* Build configuration list for PBXNativeTarget "PhotoValidation" */ = {
			isa = XCConfigurationList;
			buildConfigurations = (
				6336551C2A02717300E0CFF7 /* Debug */,
				6336551D2A02717300E0CFF7 /* Release */,
			);
			defaultConfigurationIsVisible = 0;
			defaultConfigurationName = Release;
		};
/* End XCConfigurationList section */
	};
	rootObject = 633655052A02717200E0CFF7 /* Project object */;
}
